# This file is generated by running "yarn install" inside your project.
# Manual changes might be lost - proceed with caution!

__metadata:
  version: 8
  cacheKey: 10c0

"admin@workspace:admin":
  version: 0.0.0-use.local
  resolution: "admin@workspace:admin"
  languageName: unknown
  linkType: soft

"attendance-system@workspace:.":
  version: 0.0.0-use.local
  resolution: "attendance-system@workspace:."
  dependencies:
    npm-check-updates: "npm:^17.1.10"
  languageName: unknown
  linkType: soft

"npm-check-updates@npm:^17.1.10":
  version: 17.1.10
  resolution: "npm-check-updates@npm:17.1.10"
  bin:
    ncu: build/cli.js
    npm-check-updates: build/cli.js
  checksum: 10c0/86bce3bd9b170b64a2c1e581e73ceeeabd7c632219b413b30b8ba95631ba708eed6d0165b3175a976e599308436c038aeec8f03bb888f057c697384c300a3b36
  languageName: node
  linkType: hard

"server@workspace:server":
  version: 0.0.0-use.local
  resolution: "server@workspace:server"
  bin:
    server: ./bin/www.https.js
  languageName: unknown
  linkType: soft
